PODS:
  - Expecta (0.4.0)
  - OCMock (3.1.2)
  - OHHTTPStubs (3.1.11):
    - OHHTTPStubs/Core (= 3.1.11)
  - OHHTTPStubs/Core (3.1.11)
  - Specta (0.5.0)

DEPENDENCIES:
  - Expecta
  - OCMock
  - OHHTTPStubs
  - Specta

SPEC CHECKSUMS:
  Expecta: 392a6b5bfb9f4097e47dd8064d9b732079490332
  OCMock: a10ea9f0a6e921651f96f78b6faee95ebc813b92
  OHHTTPStubs: 5624a5d20d97d46d47e15a68ca8808b59ccf0512
  Specta: eb90708ed77569bbda089f8ead10bb99b8e9489e

COCOAPODS: 0.36.3
